// !$*UTF8*$!
{
	archiveVersion = 1;
	classes = {
	};
	objectVersion = 50;
	objects = {

/* Begin PBXBuildFile section */
		5D94DE5126CEF3B300538DC7 /* AppDelegate.swift in Sources */ = {isa = PBXBuildFile; fileRef = 5D94DE5026CEF3B300538DC7 /* AppDelegate.swift */; };
		5D94DE5526CEF3B300538DC7 /* SettingsViewController.swift in Sources */ = {isa = PBXBuildFile; fileRef = 5D94DE5426CEF3B300538DC7 /* SettingsViewController.swift */; };
		5D94DE5A26CEF3C300538DC7 /* Assets.xcassets in Resources */ = {isa = PBXBuildFile; fileRef = 5D94DE5926CEF3C300538DC7 /* Assets.xcassets */; };
		5D94DE5D26CEF3C300538DC7 /* LaunchScreen.storyboard in Resources */ = {isa = PBXBuildFile; fileRef = 5D94DE5B26CEF3C300538DC7 /* LaunchScreen.storyboard */; };
		5D94DE7626CEF87B00538DC7 /* SettingsModel.swift in Sources */ = {isa = PBXBuildFile; fileRef = 5D94DE7526CEF87B00538DC7 /* SettingsModel.swift */; };
		5D94DE7926CEF8D100538DC7 /* ItemsSettings.swift in Sources */ = {isa = PBXBuildFile; fileRef = 5D94DE7826CEF8D100538DC7 /* ItemsSettings.swift */; };
/* End PBXBuildFile section */

/* Begin PBXFileReference section */
		5D94DE4D26CEF3B300538DC7 /* iOS-Settings with MVC.app */ = {isa = PBXFileReference; explicitFileType = wrapper.application; includeInIndex = 0; path = "iOS-Settings with MVC.app"; sourceTree = BUILT_PRODUCTS_DIR; };
		5D94DE5026CEF3B300538DC7 /* AppDelegate.swift */ = {isa = PBXFileReference; lastKnownFileType = sourcecode.swift; path = AppDelegate.swift; sourceTree = "<group>"; };
		5D94DE5426CEF3B300538DC7 /* SettingsViewController.swift */ = {isa = PBXFileReference; lastKnownFileType = sourcecode.swift; path = SettingsViewController.swift; sourceTree = "<group>"; };
		5D94DE5926CEF3C300538DC7 /* Assets.xcassets */ = {isa = PBXFileReference; lastKnownFileType = folder.assetcatalog; path = Assets.xcassets; sourceTree = "<group>"; };
		5D94DE5C26CEF3C300538DC7 /* Base */ = {isa = PBXFileReference; lastKnownFileType = file.storyboard; name = Base; path = Base.lproj/LaunchScreen.storyboard; sourceTree = "<group>"; };
		5D94DE5E26CEF3C300538DC7 /* Info.plist */ = {isa = PBXFileReference; lastKnownFileType = text.plist.xml; path = Info.plist; sourceTree = "<group>"; };
		5D94DE7526CEF87B00538DC7 /* SettingsModel.swift */ = {isa = PBXFileReference; lastKnownFileType = sourcecode.swift; path = SettingsModel.swift; sourceTree = "<group>"; };
		5D94DE7826CEF8D100538DC7 /* ItemsSettings.swift */ = {isa = PBXFileReference; lastKnownFileType = sourcecode.swift; path = ItemsSettings.swift; sourceTree = "<group>"; };
/* End PBXFileReference section */

/* Begin PBXFrameworksBuildPhase section */
		5D94DE4A26CEF3B200538DC7 /* Frameworks */ = {
			isa = PBXFrameworksBuildPhase;
			buildActionMask = 2147483647;
			files = (
			);
			runOnlyForDeploymentPostprocessing = 0;
		};
/* End PBXFrameworksBuildPhase section */

/* Begin PBXGroup section */
		5D94DE4426CEF3B200538DC7 = {
			isa = PBXGroup;
			children = (
				5D94DE4F26CEF3B300538DC7 /* iOS-Settings with MVC */,
				5D94DE4E26CEF3B300538DC7 /* Products */,
			);
			sourceTree = "<group>";
		};
		5D94DE4E26CEF3B300538DC7 /* Products */ = {
			isa = PBXGroup;
			children = (
				5D94DE4D26CEF3B300538DC7 /* iOS-Settings with MVC.app */,
			);
			name = Products;
			sourceTree = "<group>";
		};
		5D94DE4F26CEF3B300538DC7 /* iOS-Settings with MVC */ = {
			isa = PBXGroup;
			children = (
				5D94DE6A26CEF57B00538DC7 /* Sources */,
				5D94DE6926CEF54700538DC7 /* Resources */,
			);
			path = "iOS-Settings with MVC";
			sourceTree = "<group>";
		};
		5D94DE6926CEF54700538DC7 /* Resources */ = {
			isa = PBXGroup;
			children = (
				5D94DE5B26CEF3C300538DC7 /* LaunchScreen.storyboard */,
				5D94DE5E26CEF3C300538DC7 /* Info.plist */,
				5D94DE5926CEF3C300538DC7 /* Assets.xcassets */,
			);
			path = Resources;
			sourceTree = "<group>";
		};
		5D94DE6A26CEF57B00538DC7 /* Sources */ = {
			isa = PBXGroup;
			children = (
				5D94DE6C26CEF59D00538DC7 /* Scenes */,
				5D94DE6B26CEF58F00538DC7 /* App */,
			);
			path = Sources;
			sourceTree = "<group>";
		};
		5D94DE6B26CEF58F00538DC7 /* App */ = {
			isa = PBXGroup;
			children = (
				5D94DE5026CEF3B300538DC7 /* AppDelegate.swift */,
			);
			path = App;
			sourceTree = "<group>";
		};
		5D94DE6C26CEF59D00538DC7 /* Scenes */ = {
			isa = PBXGroup;
			children = (
				5D94DE6D26CEF5C700538DC7 /* Model */,
				5D94DE6E26CEF5D500538DC7 /* View */,
				5D94DE6F26CEF5E400538DC7 /* Controller */,
			);
			path = Scenes;
			sourceTree = "<group>";
		};
		5D94DE6D26CEF5C700538DC7 /* Model */ = {
			isa = PBXGroup;
			children = (
				5D94DE7526CEF87B00538DC7 /* SettingsModel.swift */,
				5D94DE7826CEF8D100538DC7 /* ItemsSettings.swift */,
			);
			path = Model;
			sourceTree = "<group>";
		};
		5D94DE6E26CEF5D500538DC7 /* View */ = {
			isa = PBXGroup;
			children = (
			);
			path = View;
			sourceTree = "<group>";
		};
		5D94DE6F26CEF5E400538DC7 /* Controller */ = {
			isa = PBXGroup;
			children = (
				5D94DE5426CEF3B300538DC7 /* SettingsViewController.swift */,
			);
			path = Controller;
			sourceTree = "<group>";
		};
/* End PBXGroup section */

/* Begin PBXNativeTarget section */
		5D94DE4C26CEF3B200538DC7 /* iOS-Settings with MVC */ = {
			isa = PBXNativeTarget;
			buildConfigurationList = 5D94DE6126CEF3C300538DC7 /* Build configuration list for PBXNativeTarget "iOS-Settings with MVC" */;
			buildPhases = (
				5D94DE4926CEF3B200538DC7 /* Sources */,
				5D94DE4A26CEF3B200538DC7 /* Frameworks */,
				5D94DE4B26CEF3B200538DC7 /* Resources */,
			);
			buildRules = (
			);
			dependencies = (
			);
			name = "iOS-Settings with MVC";
			productName = "iOS-Settings with MVC";
			productReference = 5D94DE4D26CEF3B300538DC7 /* iOS-Settings with MVC.app */;
			productType = "com.apple.product-type.application";
		};
/* End PBXNativeTarget section */

/* Begin PBXProject section */
		5D94DE4526CEF3B200538DC7 /* Project object */ = {
			isa = PBXProject;
			attributes = {
				LastSwiftUpdateCheck = 1240;
				LastUpgradeCheck = 1240;
				TargetAttributes = {
					5D94DE4C26CEF3B200538DC7 = {
						CreatedOnToolsVersion = 12.4;
					};
				};
			};
			buildConfigurationList = 5D94DE4826CEF3B200538DC7 /* Build configuration list for PBXProject "iOS-Settings with MVC" */;
			compatibilityVersion = "Xcode 9.3";
			developmentRegion = en;
			hasScannedForEncodings = 0;
			knownRegions = (
				en,
				Base,
			);
			mainGroup = 5D94DE4426CEF3B200538DC7;
			productRefGroup = 5D94DE4E26CEF3B300538DC7 /* Products */;
			projectDirPath = "";
			projectRoot = "";
			targets = (
				5D94DE4C26CEF3B200538DC7 /* iOS-Settings with MVC */,
			);
		};
/* End PBXProject section */

/* Begin PBXResourcesBuildPhase section */
		5D94DE4B26CEF3B200538DC7 /* Resources */ = {
			isa = PBXResourcesBuildPhase;
			buildActionMask = 2147483647;
			files = (
				5D94DE5D26CEF3C300538DC7 /* LaunchScreen.storyboard in Resources */,
				5D94DE5A26CEF3C300538DC7 /* Assets.xcassets in Resources */,
			);
			runOnlyForDeploymentPostprocessing = 0;
		};
/* End PBXResourcesBuildPhase section */

/* Begin PBXSourcesBuildPhase section */
		5D94DE4926CEF3B200538DC7 /* Sources */ = {
			isa = PBXSourcesBuildPhase;
			buildActionMask = 2147483647;
			files = (
				5D94DE7626CEF87B00538DC7 /* SettingsModel.swift in Sources */,
				5D94DE7926CEF8D100538DC7 /* ItemsSettings.swift in Sources */,
				5D94DE5526CEF3B300538DC7 /* SettingsViewController.swift in Sources */,
				5D94DE5126CEF3B300538DC7 /* AppDelegate.swift in Sources */,
			);
			runOnlyForDeploymentPostprocessing = 0;
		};
/* End PBXSourcesBuildPhase section */

/* Begin PBXVariantGroup section */
		5D94DE5B26CEF3C300538DC7 /* LaunchScreen.storyboard */ = {
			isa = PBXVariantGroup;
			children = (
				5D94DE5C26CEF3C300538DC7 /* Base */,
			);
			name = LaunchScreen.storyboard;
			sourceTree = "<group>";
		};
/* End PBXVariantGroup section */

/* Begin XCBuildConfiguration section */
		5D94DE5F26CEF3C300538DC7 /* Debug */ = {
			isa = XCBuildConfiguration;
			buildSettings = {
				ALWAYS_SEARCH_USER_PATHS = NO;
				CLANG_ANALYZER_NONNULL = YES;
				CLANG_ANALYZER_NUMBER_OBJECT_CONVERSION = YES_AGGRESSIVE;
				CLANG_CXX_LANGUAGE_STANDARD = "gnu++14";
				CLANG_CXX_LIBRARY = "libc++";
				CLANG_ENABLE_MODULES = YES;
				CLANG_ENABLE_OBJC_ARC = YES;
				CLANG_ENABLE_OBJC_WEAK = YES;
				CLANG_WARN_BLOCK_CAPTURE_AUTORELEASING = YES;
				CLANG_WARN_BOOL_CONVERSION = YES;
				CLANG_WARN_COMMA = YES;
				CLANG_WARN_CONSTANT_CONVERSION = YES;
				CLANG_WARN_DEPRECATED_OBJC_IMPLEMENTATIONS = YES;
				CLANG_WARN_DIRECT_OBJC_ISA_USAGE = YES_ERROR;
				CLANG_WARN_DOCUMENTATION_COMMENTS = YES;
				CLANG_WARN_EMPTY_BODY = YES;
				CLANG_WARN_ENUM_CONVERSION = YES;
				CLANG_WARN_INFINITE_RECURSION = YES;
				CLANG_WARN_INT_CONVERSION = YES;
				CLANG_WARN_NON_LITERAL_NULL_CONVERSION = YES;
				CLANG_WARN_OBJC_IMPLICIT_RETAIN_SELF = YES;
				CLANG_WARN_OBJC_LITERAL_CONVERSION = YES;
				CLANG_WARN_OBJC_ROOT_CLASS = YES_ERROR;
				CLANG_WARN_QUOTED_INCLUDE_IN_FRAMEWORK_HEADER = YES;
				CLANG_WARN_RANGE_LOOP_ANALYSIS = YES;
				CLANG_WARN_STRICT_PROTOTYPES = YES;
				CLANG_WARN_SUSPICIOUS_MOVE = YES;
				CLANG_WARN_UNGUARDED_AVAILABILITY = YES_AGGRESSIVE;
				CLANG_WARN_UNREACHABLE_CODE = YES;
				CLANG_WARN__DUPLICATE_METHOD_MATCH = YES;
				COPY_PHASE_STRIP = NO;
				DEBUG_INFORMATION_FORMAT = dwarf;
				ENABLE_STRICT_OBJC_MSGSEND = YES;
				ENABLE_TESTABILITY = YES;
				GCC_C_LANGUAGE_STANDARD = gnu11;
				GCC_DYNAMIC_NO_PIC = NO;
				GCC_NO_COMMON_BLOCKS = YES;
				GCC_OPTIMIZATION_LEVEL = 0;
				GCC_PREPROCESSOR_DEFINITIONS = (
					"DEBUG=1",
					"$(inherited)",
				);
				GCC_WARN_64_TO_32_BIT_CONVERSION = YES;
				GCC_WARN_ABOUT_RETURN_TYPE = YES_ERROR;
				GCC_WARN_UNDECLARED_SELECTOR = YES;
				GCC_WARN_UNINITIALIZED_AUTOS = YES_AGGRESSIVE;
				GCC_WARN_UNUSED_FUNCTION = YES;
				GCC_WARN_UNUSED_VARIABLE = YES;
				IPHONEOS_DEPLOYMENT_TARGET = 14.4;
				MTL_ENABLE_DEBUG_INFO = INCLUDE_SOURCE;
				MTL_FAST_MATH = YES;
				ONLY_ACTIVE_ARCH = YES;
				SDKROOT = iphoneos;
				SWIFT_ACTIVE_COMPILATION_CONDITIONS = DEBUG;
				SWIFT_OPTIMIZATION_LEVEL = "-Onone";
			};
			name = Debug;
		};
		5D94DE6026CEF3C300538DC7 /* Release */ = {
			isa = XCBuildConfiguration;
			buildSettings = {
				ALWAYS_SEARCH_USER_PATHS = NO;
				CLANG_ANALYZER_NONNULL = YES;
				CLANG_ANALYZER_NUMBER_OBJECT_CONVERSION = YES_AGGRESSIVE;
				CLANG_CXX_LANGUAGE_STANDARD = "gnu++14";
				CLANG_CXX_LIBRARY = "libc++";
				CLANG_ENABLE_MODULES = YES;
				CLANG_ENABLE_OBJC_ARC = YES;
				CLANG_ENABLE_OBJC_WEAK = YES;
				CLANG_WARN_BLOCK_CAPTURE_AUTORELEASING = YES;
				CLANG_WARN_BOOL_CONVERSION = YES;
				CLANG_WARN_COMMA = YES;
				CLANG_WARN_CONSTANT_CONVERSION = YES;
				CLANG_WARN_DEPRECATED_OBJC_IMPLEMENTATIONS = YES;
				CLANG_WARN_DIRECT_OBJC_ISA_USAGE = YES_ERROR;
				CLANG_WARN_DOCUMENTATION_COMMENTS = YES;
				CLANG_WARN_EMPTY_BODY = YES;
				CLANG_WARN_ENUM_CONVERSION = YES;
				CLANG_WARN_INFINITE_RECURSION = YES;
				CLANG_WARN_INT_CONVERSION = YES;
				CLANG_WARN_NON_LITERAL_NULL_CONVERSION = YES;
				CLANG_WARN_OBJC_IMPLICIT_RETAIN_SELF = YES;
				CLANG_WARN_OBJC_LITERAL_CONVERSION = YES;
				CLANG_WARN_OBJC_ROOT_CLASS = YES_ERROR;
				CLANG_WARN_QUOTED_INCLUDE_IN_FRAMEWORK_HEADER = YES;
				CLANG_WARN_RANGE_LOOP_ANALYSIS = YES;
				CLANG_WARN_STRICT_PROTOTYPES = YES;
				CLANG_WARN_SUSPICIOUS_MOVE = YES;
				CLANG_WARN_UNGUARDED_AVAILABILITY = YES_AGGRESSIVE;
				CLANG_WARN_UNREACHABLE_CODE = YES;
				CLANG_WARN__DUPLICATE_METHOD_MATCH = YES;
				COPY_PHASE_STRIP = NO;
				DEBUG_INFORMATION_FORMAT = "dwarf-with-dsym";
				ENABLE_NS_ASSERTIONS = NO;
				ENABLE_STRICT_OBJC_MSGSEND = YES;
				GCC_C_LANGUAGE_STANDARD = gnu11;
				GCC_NO_COMMON_BLOCKS = YES;
				GCC_WARN_64_TO_32_BIT_CONVERSION = YES;
				GCC_WARN_ABOUT_RETURN_TYPE = YES_ERROR;
				GCC_WARN_UNDECLARED_SELECTOR = YES;
				GCC_WARN_UNINITIALIZED_AUTOS = YES_AGGRESSIVE;
				GCC_WARN_UNUSED_FUNCTION = YES;
				GCC_WARN_UNUSED_VARIABLE = YES;
				IPHONEOS_DEPLOYMENT_TARGET = 14.4;
				MTL_ENABLE_DEBUG_INFO = NO;
				MTL_FAST_MATH = YES;
				SDKROOT = iphoneos;
				SWIFT_COMPILATION_MODE = wholemodule;
				SWIFT_OPTIMIZATION_LEVEL = "-O";
				VALIDATE_PRODUCT = YES;
			};
			name = Release;
		};
		5D94DE6226CEF3C300538DC7 /* Debug */ = {
			isa = XCBuildConfiguration;
			buildSettings = {
				ASSETCATALOG_COMPILER_APPICON_NAME = AppIcon;
				ASSETCATALOG_COMPILER_GLOBAL_ACCENT_COLOR_NAME = AccentColor;
				CODE_SIGN_STYLE = Automatic;
				DEVELOPMENT_TEAM = CT2Z3RU3KS;
				INFOPLIST_FILE = "iOS-Settings with MVC/Resources/Info.plist";
				LD_RUNPATH_SEARCH_PATHS = (
					"$(inherited)",
					"@executable_path/Frameworks",
				);
				PRODUCT_BUNDLE_IDENTIFIER = "com.my.iOS-Settings-with-MVC";
				PRODUCT_NAME = "$(TARGET_NAME)";
				SWIFT_VERSION = 5.0;
				TARGETED_DEVICE_FAMILY = "1,2";
			};
			name = Debug;
		};
		5D94DE6326CEF3C300538DC7 /* Release */ = {
			isa = XCBuildConfiguration;
			buildSettings = {
				ASSETCATALOG_COMPILER_APPICON_NAME = AppIcon;
				ASSETCATALOG_COMPILER_GLOBAL_ACCENT_COLOR_NAME = AccentColor;
				CODE_SIGN_STYLE = Automatic;
				DEVELOPMENT_TEAM = CT2Z3RU3KS;
				INFOPLIST_FILE = "iOS-Settings with MVC/Resources/Info.plist";
				LD_RUNPATH_SEARCH_PATHS = (
					"$(inherited)",
					"@executable_path/Frameworks",
				);
				PRODUCT_BUNDLE_IDENTIFIER = "com.my.iOS-Settings-with-MVC";
				PRODUCT_NAME = "$(TARGET_NAME)";
				SWIFT_VERSION = 5.0;
				TARGETED_DEVICE_FAMILY = "1,2";
			};
			name = Release;
		};
/* End XCBuildConfiguration section */

/* Begin XCConfigurationList section */
		5D94DE4826CEF3B200538DC7 /* Build configuration list for PBXProject "iOS-Settings with MVC" */ = {
			isa = XCConfigurationList;
			buildConfigurations = (
				5D94DE5F26CEF3C300538DC7 /* Debug */,
				5D94DE6026CEF3C300538DC7 /* Release */,
			);
			defaultConfigurationIsVisible = 0;
			defaultConfigurationName = Release;
		};
		5D94DE6126CEF3C300538DC7 /* Build configuration list for PBXNativeTarget "iOS-Settings with MVC" */ = {
			isa = XCConfigurationList;
			buildConfigurations = (
				5D94DE6226CEF3C300538DC7 /* Debug */,
				5D94DE6326CEF3C300538DC7 /* Release */,
			);
			defaultConfigurationIsVisible = 0;
			defaultConfigurationName = Release;
		};
/* End XCConfigurationList section */
	};
	rootObject = 5D94DE4526CEF3B200538DC7 /* Project object */;
}
